
Microsoft Visual Studio Solution File, Format Version 12.00
# Visual Studio Version 16
VisualStudioVersion = 16.0.31005.135
MinimumVisualStudioVersion = 10.0.40219.1
Project("{FAE04EC0-301F-11D3-BF4B-00C04F79EFBC}") = "MSCOE", "MSCOE\MSCOE.csproj", "{7A60F9E9-1EAF-4320-8FC4-D7FFA6BD26A4}"
EndProject
Global
	GlobalSection(SolutionConfigurationPlatforms) = preSolution
		Debug|Any CPU = Debug|Any CPU
		Release|Any CPU = Release|Any CPU
	EndGlobalSection
	GlobalSection(ProjectConfigurationPlatforms) = postSolution
		{7A60F9E9-1EAF-4320-8FC4-D7FFA6BD26A4}.Debug|Any CPU.ActiveCfg = Debug|Any CPU
		{7A60F9E9-1EAF-4320-8FC4-D7FFA6BD26A4}.Debug|Any CPU.Build.0 = Debug|Any CPU
		{7A60F9E9-1EAF-4320-8FC4-D7FFA6BD26A4}.Release|Any CPU.ActiveCfg = Release|Any CPU
		{7A60F9E9-1EAF-4320-8FC4-D7FFA6BD26A4}.Release|Any CPU.Build.0 = Release|Any CPU
	EndGlobalSection
	GlobalSection(SolutionProperties) = preSolution
		HideSolutionNode = FALSE
	EndGlobalSection
	GlobalSection(ExtensibilityGlobals) = postSolution
		SolutionGuid = {563D9169-3AAE-4CD7-B96C-22B5F2249F2C}
	EndGlobalSection
EndGlobal
